// !$*UTF8*$!
{
	archiveVersion = 1;
	classes = {
	};
	objectVersion = 50;
	objects = {

/* Begin PBXBuildFile section */
		6974B9632128532500C33EBD /* Webscreen.swift in Sources */ = {isa = PBXBuildFile; fileRef = 6974B9622128532500C33EBD /* Webscreen.swift */; };
		6974B96D2128556200C33EBD /* AppDelegate.swift in Sources */ = {isa = PBXBuildFile; fileRef = 6974B96C2128556200C33EBD /* AppDelegate.swift */; };
		6974B96F2128556300C33EBD /* Assets.xcassets in Resources */ = {isa = PBXBuildFile; fileRef = 6974B96E2128556300C33EBD /* Assets.xcassets */; };
		6974B9722128556300C33EBD /* MainMenu.xib in Resources */ = {isa = PBXBuildFile; fileRef = 6974B9702128556300C33EBD /* MainMenu.xib */; };
		6974B97A2128560700C33EBD /* Webscreen.swift in Sources */ = {isa = PBXBuildFile; fileRef = 6974B9622128532500C33EBD /* Webscreen.swift */; };
/* End PBXBuildFile section */

/* Begin PBXFileReference section */
		6974B9552128530E00C33EBD /* Webscreen.saver */ = {isa = PBXFileReference; explicitFileType = wrapper.cfbundle; includeInIndex = 0; path = Webscreen.saver; sourceTree = BUILT_PRODUCTS_DIR; };
		6974B95C2128530E00C33EBD /* Info.plist */ = {isa = PBXFileReference; lastKnownFileType = text.plist.xml; path = Info.plist; sourceTree = "<group>"; };
		6974B9622128532500C33EBD /* Webscreen.swift */ = {isa = PBXFileReference; lastKnownFileType = sourcecode.swift; path = Webscreen.swift; sourceTree = "<group>"; };
		6974B96A2128556200C33EBD /* WebscreenTestWrapper.app */ = {isa = PBXFileReference; explicitFileType = wrapper.application; includeInIndex = 0; path = WebscreenTestWrapper.app; sourceTree = BUILT_PRODUCTS_DIR; };
		6974B96C2128556200C33EBD /* AppDelegate.swift */ = {isa = PBXFileReference; lastKnownFileType = sourcecode.swift; path = AppDelegate.swift; sourceTree = "<group>"; };
		6974B96E2128556300C33EBD /* Assets.xcassets */ = {isa = PBXFileReference; lastKnownFileType = folder.assetcatalog; path = Assets.xcassets; sourceTree = "<group>"; };
		6974B9712128556300C33EBD /* Base */ = {isa = PBXFileReference; lastKnownFileType = file.xib; name = Base; path = Base.lproj/MainMenu.xib; sourceTree = "<group>"; };
		6974B9732128556300C33EBD /* Info.plist */ = {isa = PBXFileReference; lastKnownFileType = text.plist.xml; path = Info.plist; sourceTree = "<group>"; };
		6974B9742128556300C33EBD /* WebscreenTestWrapper.entitlements */ = {isa = PBXFileReference; lastKnownFileType = text.plist.entitlements; path = WebscreenTestWrapper.entitlements; sourceTree = "<group>"; };
/* End PBXFileReference section */

/* Begin PBXFrameworksBuildPhase section */
		6974B9512128530E00C33EBD /* Frameworks */ = {
			isa = PBXFrameworksBuildPhase;
			buildActionMask = 2147483647;
			files = (
			);
			runOnlyForDeploymentPostprocessing = 0;
		};
		6974B9672128556200C33EBD /* Frameworks */ = {
			isa = PBXFrameworksBuildPhase;
			buildActionMask = 2147483647;
			files = (
			);
			runOnlyForDeploymentPostprocessing = 0;
		};
/* End PBXFrameworksBuildPhase section */

/* Begin PBXGroup section */
		6974B94B2128530E00C33EBD = {
			isa = PBXGroup;
			children = (
				6974B9572128530E00C33EBD /* Webscreen */,
				6974B96B2128556200C33EBD /* WebscreenTestWrapper */,
				6974B9562128530E00C33EBD /* Products */,
			);
			sourceTree = "<group>";
		};
		6974B9562128530E00C33EBD /* Products */ = {
			isa = PBXGroup;
			children = (
				6974B9552128530E00C33EBD /* Webscreen.saver */,
				6974B96A2128556200C33EBD /* WebscreenTestWrapper.app */,
			);
			name = Products;
			sourceTree = "<group>";
		};
		6974B9572128530E00C33EBD /* Webscreen */ = {
			isa = PBXGroup;
			children = (
				6974B95C2128530E00C33EBD /* Info.plist */,
				6974B9622128532500C33EBD /* Webscreen.swift */,
			);
			path = Webscreen;
			sourceTree = "<group>";
		};
		6974B96B2128556200C33EBD /* WebscreenTestWrapper */ = {
			isa = PBXGroup;
			children = (
				6974B96C2128556200C33EBD /* AppDelegate.swift */,
				6974B96E2128556300C33EBD /* Assets.xcassets */,
				6974B9702128556300C33EBD /* MainMenu.xib */,
				6974B9732128556300C33EBD /* Info.plist */,
				6974B9742128556300C33EBD /* WebscreenTestWrapper.entitlements */,
			);
			path = WebscreenTestWrapper;
			sourceTree = "<group>";
		};
/* End PBXGroup section */

/* Begin PBXHeadersBuildPhase section */
		6974B9522128530E00C33EBD /* Headers */ = {
			isa = PBXHeadersBuildPhase;
			buildActionMask = 2147483647;
			files = (
			);
			runOnlyForDeploymentPostprocessing = 0;
		};
/* End PBXHeadersBuildPhase section */

/* Begin PBXNativeTarget section */
		6974B9542128530E00C33EBD /* Webscreen */ = {
			isa = PBXNativeTarget;
			buildConfigurationList = 6974B95F2128530E00C33EBD /* Build configuration list for PBXNativeTarget "Webscreen" */;
			buildPhases = (
				6974B9502128530E00C33EBD /* Sources */,
				6974B9512128530E00C33EBD /* Frameworks */,
				6974B9522128530E00C33EBD /* Headers */,
				6974B9532128530E00C33EBD /* Resources */,
			);
			buildRules = (
			);
			dependencies = (
			);
			name = Webscreen;
			productName = Webscreen;
			productReference = 6974B9552128530E00C33EBD /* Webscreen.saver */;
			productType = "com.apple.product-type.bundle";
		};
		6974B9692128556200C33EBD /* WebscreenTestWrapper */ = {
			isa = PBXNativeTarget;
			buildConfigurationList = 6974B9752128556300C33EBD /* Build configuration list for PBXNativeTarget "WebscreenTestWrapper" */;
			buildPhases = (
				6974B9662128556200C33EBD /* Sources */,
				6974B9672128556200C33EBD /* Frameworks */,
				6974B9682128556200C33EBD /* Resources */,
			);
			buildRules = (
			);
			dependencies = (
			);
			name = WebscreenTestWrapper;
			productName = WebscreenTestWrapper;
			productReference = 6974B96A2128556200C33EBD /* WebscreenTestWrapper.app */;
			productType = "com.apple.product-type.application";
		};
/* End PBXNativeTarget section */

/* Begin PBXProject section */
		6974B94C2128530E00C33EBD /* Project object */ = {
			isa = PBXProject;
			attributes = {
				LastSwiftUpdateCheck = 0940;
				LastUpgradeCheck = 0940;
				ORGANIZATIONNAME = paulsnar;
				TargetAttributes = {
					6974B9542128530E00C33EBD = {
						CreatedOnToolsVersion = 9.4.1;
						LastSwiftMigration = 0940;
					};
					6974B9692128556200C33EBD = {
						CreatedOnToolsVersion = 9.4.1;
						SystemCapabilities = {
							com.apple.Sandbox = {
								enabled = 1;
							};
						};
					};
				};
			};
			buildConfigurationList = 6974B94F2128530E00C33EBD /* Build configuration list for PBXProject "Webscreen" */;
			compatibilityVersion = "Xcode 9.3";
			developmentRegion = en;
			hasScannedForEncodings = 0;
			knownRegions = (
				en,
				Base,
			);
			mainGroup = 6974B94B2128530E00C33EBD;
			productRefGroup = 6974B9562128530E00C33EBD /* Products */;
			projectDirPath = "";
			projectRoot = "";
			targets = (
				6974B9542128530E00C33EBD /* Webscreen */,
				6974B9692128556200C33EBD /* WebscreenTestWrapper */,
			);
		};
/* End PBXProject section */

/* Begin PBXResourcesBuildPhase section */
		6974B9532128530E00C33EBD /* Resources */ = {
			isa = PBXResourcesBuildPhase;
			buildActionMask = 2147483647;
			files = (
			);
			runOnlyForDeploymentPostprocessing = 0;
		};
		6974B9682128556200C33EBD /* Resources */ = {
			isa = PBXResourcesBuildPhase;
			buildActionMask = 2147483647;
			files = (
				6974B96F2128556300C33EBD /* Assets.xcassets in Resources */,
				6974B9722128556300C33EBD /* MainMenu.xib in Resources */,
			);
			runOnlyForDeploymentPostprocessing = 0;
		};
/* End PBXResourcesBuildPhase section */

/* Begin PBXSourcesBuildPhase section */
		6974B9502128530E00C33EBD /* Sources */ = {
			isa = PBXSourcesBuildPhase;
			buildActionMask = 2147483647;
			files = (
				6974B9632128532500C33EBD /* Webscreen.swift in Sources */,
			);
			runOnlyForDeploymentPostprocessing = 0;
		};
		6974B9662128556200C33EBD /* Sources */ = {
			isa = PBXSourcesBuildPhase;
			buildActionMask = 2147483647;
			files = (
				6974B97A2128560700C33EBD /* Webscreen.swift in Sources */,
				6974B96D2128556200C33EBD /* AppDelegate.swift in Sources */,
			);
			runOnlyForDeploymentPostprocessing = 0;
		};
/* End PBXSourcesBuildPhase section */

/* Begin PBXVariantGroup section */
		6974B9702128556300C33EBD /* MainMenu.xib */ = {
			isa = PBXVariantGroup;
			children = (
				6974B9712128556300C33EBD /* Base */,
			);
			name = MainMenu.xib;
			sourceTree = "<group>";
		};
/* End PBXVariantGroup section */

/* Begin XCBuildConfiguration section */
		6974B95D2128530E00C33EBD /* Debug */ = {
			isa = XCBuildConfiguration;
			buildSettings = {
				ALWAYS_SEARCH_USER_PATHS = NO;
				CLANG_ANALYZER_NONNULL = YES;
				CLANG_ANALYZER_NUMBER_OBJECT_CONVERSION = YES_AGGRESSIVE;
				CLANG_CXX_LANGUAGE_STANDARD = "gnu++14";
				CLANG_CXX_LIBRARY = "libc++";
				CLANG_ENABLE_MODULES = YES;
				CLANG_ENABLE_OBJC_ARC = YES;
				CLANG_ENABLE_OBJC_WEAK = YES;
				CLANG_WARN_BLOCK_CAPTURE_AUTORELEASING = YES;
				CLANG_WARN_BOOL_CONVERSION = YES;
				CLANG_WARN_COMMA = YES;
				CLANG_WARN_CONSTANT_CONVERSION = YES;
				CLANG_WARN_DEPRECATED_OBJC_IMPLEMENTATIONS = YES;
				CLANG_WARN_DIRECT_OBJC_ISA_USAGE = YES_ERROR;
				CLANG_WARN_DOCUMENTATION_COMMENTS = YES;
				CLANG_WARN_EMPTY_BODY = YES;
				CLANG_WARN_ENUM_CONVERSION = YES;
				CLANG_WARN_INFINITE_RECURSION = YES;
				CLANG_WARN_INT_CONVERSION = YES;
				CLANG_WARN_NON_LITERAL_NULL_CONVERSION = YES;
				CLANG_WARN_OBJC_IMPLICIT_RETAIN_SELF = YES;
				CLANG_WARN_OBJC_LITERAL_CONVERSION = YES;
				CLANG_WARN_OBJC_ROOT_CLASS = YES_ERROR;
				CLANG_WARN_RANGE_LOOP_ANALYSIS = YES;
				CLANG_WARN_STRICT_PROTOTYPES = YES;
				CLANG_WARN_SUSPICIOUS_MOVE = YES;
				CLANG_WARN_UNGUARDED_AVAILABILITY = YES_AGGRESSIVE;
				CLANG_WARN_UNREACHABLE_CODE = YES;
				CLANG_WARN__DUPLICATE_METHOD_MATCH = YES;
				CODE_SIGN_IDENTITY = "-";
				COPY_PHASE_STRIP = NO;
				DEBUG_INFORMATION_FORMAT = dwarf;
				ENABLE_STRICT_OBJC_MSGSEND = YES;
				ENABLE_TESTABILITY = YES;
				GCC_C_LANGUAGE_STANDARD = gnu11;
				GCC_DYNAMIC_NO_PIC = NO;
				GCC_NO_COMMON_BLOCKS = YES;
				GCC_OPTIMIZATION_LEVEL = 0;
				GCC_PREPROCESSOR_DEFINITIONS = (
					"DEBUG=1",
					"$(inherited)",
				);
				GCC_WARN_64_TO_32_BIT_CONVERSION = YES;
				GCC_WARN_ABOUT_RETURN_TYPE = YES_ERROR;
				GCC_WARN_UNDECLARED_SELECTOR = YES;
				GCC_WARN_UNINITIALIZED_AUTOS = YES_AGGRESSIVE;
				GCC_WARN_UNUSED_FUNCTION = YES;
				GCC_WARN_UNUSED_VARIABLE = YES;
				MACOSX_DEPLOYMENT_TARGET = 10.13;
				MTL_ENABLE_DEBUG_INFO = YES;
				ONLY_ACTIVE_ARCH = YES;
				SDKROOT = macosx;
			};
			name = Debug;
		};
		6974B95E2128530E00C33EBD /* Release */ = {
			isa = XCBuildConfiguration;
			buildSettings = {
				ALWAYS_SEARCH_USER_PATHS = NO;
				CLANG_ANALYZER_NONNULL = YES;
				CLANG_ANALYZER_NUMBER_OBJECT_CONVERSION = YES_AGGRESSIVE;
				CLANG_CXX_LANGUAGE_STANDARD = "gnu++14";
				CLANG_CXX_LIBRARY = "libc++";
				CLANG_ENABLE_MODULES = YES;
				CLANG_ENABLE_OBJC_ARC = YES;
				CLANG_ENABLE_OBJC_WEAK = YES;
				CLANG_WARN_BLOCK_CAPTURE_AUTORELEASING = YES;
				CLANG_WARN_BOOL_CONVERSION = YES;
				CLANG_WARN_COMMA = YES;
				CLANG_WARN_CONSTANT_CONVERSION = YES;
				CLANG_WARN_DEPRECATED_OBJC_IMPLEMENTATIONS = YES;
				CLANG_WARN_DIRECT_OBJC_ISA_USAGE = YES_ERROR;
				CLANG_WARN_DOCUMENTATION_COMMENTS = YES;
				CLANG_WARN_EMPTY_BODY = YES;
				CLANG_WARN_ENUM_CONVERSION = YES;
				CLANG_WARN_INFINITE_RECURSION = YES;
				CLANG_WARN_INT_CONVERSION = YES;
				CLANG_WARN_NON_LITERAL_NULL_CONVERSION = YES;
				CLANG_WARN_OBJC_IMPLICIT_RETAIN_SELF = YES;
				CLANG_WARN_OBJC_LITERAL_CONVERSION = YES;
				CLANG_WARN_OBJC_ROOT_CLASS = YES_ERROR;
				CLANG_WARN_RANGE_LOOP_ANALYSIS = YES;
				CLANG_WARN_STRICT_PROTOTYPES = YES;
				CLANG_WARN_SUSPICIOUS_MOVE = YES;
				CLANG_WARN_UNGUARDED_AVAILABILITY = YES_AGGRESSIVE;
				CLANG_WARN_UNREACHABLE_CODE = YES;
				CLANG_WARN__DUPLICATE_METHOD_MATCH = YES;
				CODE_SIGN_IDENTITY = "-";
				COPY_PHASE_STRIP = NO;
				DEBUG_INFORMATION_FORMAT = "dwarf-with-dsym";
				ENABLE_NS_ASSERTIONS = NO;
				ENABLE_STRICT_OBJC_MSGSEND = YES;
				GCC_C_LANGUAGE_STANDARD = gnu11;
				GCC_NO_COMMON_BLOCKS = YES;
				GCC_WARN_64_TO_32_BIT_CONVERSION = YES;
				GCC_WARN_ABOUT_RETURN_TYPE = YES_ERROR;
				GCC_WARN_UNDECLARED_SELECTOR = YES;
				GCC_WARN_UNINITIALIZED_AUTOS = YES_AGGRESSIVE;
				GCC_WARN_UNUSED_FUNCTION = YES;
				GCC_WARN_UNUSED_VARIABLE = YES;
				MACOSX_DEPLOYMENT_TARGET = 10.13;
				MTL_ENABLE_DEBUG_INFO = NO;
				SDKROOT = macosx;
			};
			name = Release;
		};
		6974B9602128530E00C33EBD /* Debug */ = {
			isa = XCBuildConfiguration;
			buildSettings = {
				ALWAYS_EMBED_SWIFT_STANDARD_LIBRARIES = YES;
				CLANG_ENABLE_MODULES = YES;
				CODE_SIGN_IDENTITY = "Mac Developer";
				CODE_SIGN_STYLE = Automatic;
				COMBINE_HIDPI_IMAGES = YES;
				DEVELOPMENT_TEAM = G7526DGQ9J;
				INFOPLIST_FILE = Webscreen/Info.plist;
				INSTALL_PATH = "$(HOME)/Library/Screen Savers";
				LD_RUNPATH_SEARCH_PATHS = (
					"$(inherited)",
					"@executable_path/../Frameworks",
					"@loader_path/../Frameworks",
					"${DT_TOOLCHAIN_DIR}/usr/lib/swift/macosx/",
				);
				LIBRARY_SEARCH_PATHS = "${DT_TOOLCHAIN_DIR}/usr/lib/swift/macosx/";
				PRODUCT_BUNDLE_IDENTIFIER = lv.paulsnar.Webscreen;
				PRODUCT_NAME = "$(TARGET_NAME)";
				PROVISIONING_PROFILE_SPECIFIER = "";
				STRIP_SWIFT_SYMBOLS = YES;
				SWIFT_OPTIMIZATION_LEVEL = "-Onone";
				SWIFT_VERSION = 4.0;
				WRAPPER_EXTENSION = saver;
			};
			name = Debug;
		};
		6974B9612128530E00C33EBD /* Release */ = {
			isa = XCBuildConfiguration;
			buildSettings = {
				ALWAYS_EMBED_SWIFT_STANDARD_LIBRARIES = YES;
				CLANG_ENABLE_MODULES = YES;
				CODE_SIGN_IDENTITY = "Mac Developer";
				CODE_SIGN_STYLE = Automatic;
				COMBINE_HIDPI_IMAGES = YES;
				DEVELOPMENT_TEAM = G7526DGQ9J;
				INFOPLIST_FILE = Webscreen/Info.plist;
				INSTALL_PATH = "$(HOME)/Library/Screen Savers";
				LD_RUNPATH_SEARCH_PATHS = (
					"$(inherited)",
					"@executable_path/../Frameworks",
					"@loader_path/../Frameworks",
					"${DT_TOOLCHAIN_DIR}/usr/lib/swift/macosx/",
				);
				LIBRARY_SEARCH_PATHS = "${DT_TOOLCHAIN_DIR}/usr/lib/swift/macosx/";
				PRODUCT_BUNDLE_IDENTIFIER = lv.paulsnar.Webscreen;
				PRODUCT_NAME = "$(TARGET_NAME)";
				PROVISIONING_PROFILE_SPECIFIER = "";
				STRIP_SWIFT_SYMBOLS = YES;
				SWIFT_VERSION = 4.0;
				WRAPPER_EXTENSION = saver;
			};
			name = Release;
		};
		6974B9762128556300C33EBD /* Debug */ = {
			isa = XCBuildConfiguration;
			buildSettings = {
				ASSETCATALOG_COMPILER_APPICON_NAME = AppIcon;
				CODE_SIGN_ENTITLEMENTS = WebscreenTestWrapper/WebscreenTestWrapper.entitlements;
				CODE_SIGN_STYLE = Automatic;
				COMBINE_HIDPI_IMAGES = YES;
				INFOPLIST_FILE = WebscreenTestWrapper/Info.plist;
				LD_RUNPATH_SEARCH_PATHS = (
					"$(inherited)",
					"@executable_path/../Frameworks",
				);
				PRODUCT_BUNDLE_IDENTIFIER = lv.paulsnar.WebscreenTestWrapper;
				PRODUCT_NAME = "$(TARGET_NAME)";
				SWIFT_ACTIVE_COMPILATION_CONDITIONS = DEBUG;
				SWIFT_OPTIMIZATION_LEVEL = "-Onone";
				SWIFT_VERSION = 4.0;
			};
			name = Debug;
		};
		6974B9772128556300C33EBD /* Release */ = {
			isa = XCBuildConfiguration;
			buildSettings = {
				ASSETCATALOG_COMPILER_APPICON_NAME = AppIcon;
				CODE_SIGN_ENTITLEMENTS = WebscreenTestWrapper/WebscreenTestWrapper.entitlements;
				CODE_SIGN_STYLE = Automatic;
				COMBINE_HIDPI_IMAGES = YES;
				INFOPLIST_FILE = WebscreenTestWrapper/Info.plist;
				LD_RUNPATH_SEARCH_PATHS = (
					"$(inherited)",
					"@executable_path/../Frameworks",
				);
				PRODUCT_BUNDLE_IDENTIFIER = lv.paulsnar.WebscreenTestWrapper;
				PRODUCT_NAME = "$(TARGET_NAME)";
				SWIFT_COMPILATION_MODE = wholemodule;
				SWIFT_OPTIMIZATION_LEVEL = "-O";
				SWIFT_VERSION = 4.0;
			};
			name = Release;
		};
/* End XCBuildConfiguration section */

/* Begin XCConfigurationList section */
		6974B94F2128530E00C33EBD /* Build configuration list for PBXProject "Webscreen" */ = {
			isa = XCConfigurationList;
			buildConfigurations = (
				6974B95D2128530E00C33EBD /* Debug */,
				6974B95E2128530E00C33EBD /* Release */,
			);
			defaultConfigurationIsVisible = 0;
			defaultConfigurationName = Release;
		};
		6974B95F2128530E00C33EBD /* Build configuration list for PBXNativeTarget "Webscreen" */ = {
			isa = XCConfigurationList;
			buildConfigurations = (
				6974B9602128530E00C33EBD /* Debug */,
				6974B9612128530E00C33EBD /* Release */,
			);
			defaultConfigurationIsVisible = 0;
			defaultConfigurationName = Release;
		};
		6974B9752128556300C33EBD /* Build configuration list for PBXNativeTarget "WebscreenTestWrapper" */ = {
			isa = XCConfigurationList;
			buildConfigurations = (
				6974B9762128556300C33EBD /* Debug */,
				6974B9772128556300C33EBD /* Release */,
			);
			defaultConfigurationIsVisible = 0;
			defaultConfigurationName = Release;
		};
/* End XCConfigurationList section */
	};
	rootObject = 6974B94C2128530E00C33EBD /* Project object */;
}
