// !$*UTF8*$!
{
	archiveVersion = 1;
	classes = {
	};
	objectVersion = 50;
	objects = {

/* Begin PBXBuildFile section */
		69837DFE21D23ECB004A37B4 /* AppDelegate.m in Sources */ = {isa = PBXBuildFile; fileRef = 69837DFD21D23ECB004A37B4 /* AppDelegate.m */; };
		69837E0021D23ECB004A37B4 /* Assets.xcassets in Resources */ = {isa = PBXBuildFile; fileRef = 69837DFF21D23ECB004A37B4 /* Assets.xcassets */; };
		69837E0321D23ECB004A37B4 /* MainMenu.xib in Resources */ = {isa = PBXBuildFile; fileRef = 69837E0121D23ECB004A37B4 /* MainMenu.xib */; };
		69837E0621D23ECB004A37B4 /* main.m in Sources */ = {isa = PBXBuildFile; fileRef = 69837E0521D23ECB004A37B4 /* main.m */; };
		69837E0B21D23ED4004A37B4 /* WebscreenView.m in Sources */ = {isa = PBXBuildFile; fileRef = 699E909221D2354000693908 /* WebscreenView.m */; };
		699E909121D2354000693908 /* WebscreenView.h in Headers */ = {isa = PBXBuildFile; fileRef = 699E909021D2354000693908 /* WebscreenView.h */; };
		699E909321D2354000693908 /* WebscreenView.m in Sources */ = {isa = PBXBuildFile; fileRef = 699E909221D2354000693908 /* WebscreenView.m */; };
/* End PBXBuildFile section */

/* Begin PBXFileReference section */
		69837DFA21D23ECB004A37B4 /* WebscreenAppWrapper.app */ = {isa = PBXFileReference; explicitFileType = wrapper.application; includeInIndex = 0; path = WebscreenAppWrapper.app; sourceTree = BUILT_PRODUCTS_DIR; };
		69837DFC21D23ECB004A37B4 /* AppDelegate.h */ = {isa = PBXFileReference; lastKnownFileType = sourcecode.c.h; path = AppDelegate.h; sourceTree = "<group>"; };
		69837DFD21D23ECB004A37B4 /* AppDelegate.m */ = {isa = PBXFileReference; lastKnownFileType = sourcecode.c.objc; path = AppDelegate.m; sourceTree = "<group>"; };
		69837DFF21D23ECB004A37B4 /* Assets.xcassets */ = {isa = PBXFileReference; lastKnownFileType = folder.assetcatalog; path = Assets.xcassets; sourceTree = "<group>"; };
		69837E0221D23ECB004A37B4 /* Base */ = {isa = PBXFileReference; lastKnownFileType = file.xib; name = Base; path = Base.lproj/MainMenu.xib; sourceTree = "<group>"; };
		69837E0421D23ECB004A37B4 /* Info.plist */ = {isa = PBXFileReference; lastKnownFileType = text.plist.xml; path = Info.plist; sourceTree = "<group>"; };
		69837E0521D23ECB004A37B4 /* main.m */ = {isa = PBXFileReference; lastKnownFileType = sourcecode.c.objc; path = main.m; sourceTree = "<group>"; };
		69837E0721D23ECB004A37B4 /* WebscreenAppWrapper.entitlements */ = {isa = PBXFileReference; lastKnownFileType = text.plist.entitlements; path = WebscreenAppWrapper.entitlements; sourceTree = "<group>"; };
		69837E0D21D24568004A37B4 /* WebKit.framework */ = {isa = PBXFileReference; lastKnownFileType = wrapper.framework; name = WebKit.framework; path = System/Library/Frameworks/WebKit.framework; sourceTree = SDKROOT; };
		69837E0F21D24590004A37B4 /* JavaScriptCore.framework */ = {isa = PBXFileReference; lastKnownFileType = wrapper.framework; name = JavaScriptCore.framework; path = System/Library/Frameworks/JavaScriptCore.framework; sourceTree = SDKROOT; };
		699E908D21D2354000693908 /* Webscreen.saver */ = {isa = PBXFileReference; explicitFileType = wrapper.cfbundle; includeInIndex = 0; path = Webscreen.saver; sourceTree = BUILT_PRODUCTS_DIR; };
		699E909021D2354000693908 /* WebscreenView.h */ = {isa = PBXFileReference; lastKnownFileType = sourcecode.c.h; path = WebscreenView.h; sourceTree = "<group>"; };
		699E909221D2354000693908 /* WebscreenView.m */ = {isa = PBXFileReference; lastKnownFileType = sourcecode.c.objc; path = WebscreenView.m; sourceTree = "<group>"; };
		699E909421D2354000693908 /* Info.plist */ = {isa = PBXFileReference; lastKnownFileType = text.plist.xml; path = Info.plist; sourceTree = "<group>"; };
/* End PBXFileReference section */

/* Begin PBXFrameworksBuildPhase section */
		69837DF721D23ECB004A37B4 /* Frameworks */ = {
			isa = PBXFrameworksBuildPhase;
			buildActionMask = 2147483647;
			files = (
			);
			runOnlyForDeploymentPostprocessing = 0;
		};
		699E908A21D2354000693908 /* Frameworks */ = {
			isa = PBXFrameworksBuildPhase;
			buildActionMask = 2147483647;
			files = (
			);
			runOnlyForDeploymentPostprocessing = 0;
		};
/* End PBXFrameworksBuildPhase section */

/* Begin PBXGroup section */
		69837DFB21D23ECB004A37B4 /* WebscreenAppWrapper */ = {
			isa = PBXGroup;
			children = (
				69837DFC21D23ECB004A37B4 /* AppDelegate.h */,
				69837DFD21D23ECB004A37B4 /* AppDelegate.m */,
				69837DFF21D23ECB004A37B4 /* Assets.xcassets */,
				69837E0121D23ECB004A37B4 /* MainMenu.xib */,
				69837E0421D23ECB004A37B4 /* Info.plist */,
				69837E0521D23ECB004A37B4 /* main.m */,
				69837E0721D23ECB004A37B4 /* WebscreenAppWrapper.entitlements */,
			);
			path = WebscreenAppWrapper;
			sourceTree = "<group>";
		};
		69837E0C21D24567004A37B4 /* Frameworks */ = {
			isa = PBXGroup;
			children = (
				69837E0F21D24590004A37B4 /* JavaScriptCore.framework */,
				69837E0D21D24568004A37B4 /* WebKit.framework */,
			);
			name = Frameworks;
			sourceTree = "<group>";
		};
		699E908321D2354000693908 = {
			isa = PBXGroup;
			children = (
				699E908F21D2354000693908 /* Webscreen */,
				69837DFB21D23ECB004A37B4 /* WebscreenAppWrapper */,
				699E908E21D2354000693908 /* Products */,
				69837E0C21D24567004A37B4 /* Frameworks */,
			);
			sourceTree = "<group>";
		};
		699E908E21D2354000693908 /* Products */ = {
			isa = PBXGroup;
			children = (
				699E908D21D2354000693908 /* Webscreen.saver */,
				69837DFA21D23ECB004A37B4 /* WebscreenAppWrapper.app */,
			);
			name = Products;
			sourceTree = "<group>";
		};
		699E908F21D2354000693908 /* Webscreen */ = {
			isa = PBXGroup;
			children = (
				699E909021D2354000693908 /* WebscreenView.h */,
				699E909221D2354000693908 /* WebscreenView.m */,
				699E909421D2354000693908 /* Info.plist */,
			);
			path = Webscreen;
			sourceTree = "<group>";
		};
/* End PBXGroup section */

/* Begin PBXHeadersBuildPhase section */
		699E908821D2354000693908 /* Headers */ = {
			isa = PBXHeadersBuildPhase;
			buildActionMask = 2147483647;
			files = (
				699E909121D2354000693908 /* WebscreenView.h in Headers */,
			);
			runOnlyForDeploymentPostprocessing = 0;
		};
/* End PBXHeadersBuildPhase section */

/* Begin PBXNativeTarget section */
		69837DF921D23ECB004A37B4 /* WebscreenAppWrapper */ = {
			isa = PBXNativeTarget;
			buildConfigurationList = 69837E0821D23ECB004A37B4 /* Build configuration list for PBXNativeTarget "WebscreenAppWrapper" */;
			buildPhases = (
				69837DF621D23ECB004A37B4 /* Sources */,
				69837DF721D23ECB004A37B4 /* Frameworks */,
				69837DF821D23ECB004A37B4 /* Resources */,
			);
			buildRules = (
			);
			dependencies = (
			);
			name = WebscreenAppWrapper;
			productName = WebscreenAppWrapper;
			productReference = 69837DFA21D23ECB004A37B4 /* WebscreenAppWrapper.app */;
			productType = "com.apple.product-type.application";
		};
		699E908C21D2354000693908 /* Webscreen */ = {
			isa = PBXNativeTarget;
			buildConfigurationList = 699E909721D2354000693908 /* Build configuration list for PBXNativeTarget "Webscreen" */;
			buildPhases = (
				699E908821D2354000693908 /* Headers */,
				699E908921D2354000693908 /* Sources */,
				699E908A21D2354000693908 /* Frameworks */,
				699E908B21D2354000693908 /* Resources */,
			);
			buildRules = (
			);
			dependencies = (
			);
			name = Webscreen;
			productName = Webscreen;
			productReference = 699E908D21D2354000693908 /* Webscreen.saver */;
			productType = "com.apple.product-type.bundle";
		};
/* End PBXNativeTarget section */

/* Begin PBXProject section */
		699E908421D2354000693908 /* Project object */ = {
			isa = PBXProject;
			attributes = {
				LastUpgradeCheck = 1010;
				ORGANIZATIONNAME = paulsnar;
				TargetAttributes = {
					69837DF921D23ECB004A37B4 = {
						CreatedOnToolsVersion = 10.1;
						SystemCapabilities = {
							com.apple.ApplicationGroups.Mac = {
								enabled = 0;
							};
							com.apple.HardenedRuntime = {
								enabled = 0;
							};
							com.apple.Keychain = {
								enabled = 0;
							};
							com.apple.Sandbox = {
								enabled = 1;
							};
						};
					};
					699E908C21D2354000693908 = {
						CreatedOnToolsVersion = 10.1;
					};
				};
			};
			buildConfigurationList = 699E908721D2354000693908 /* Build configuration list for PBXProject "Webscreen" */;
			compatibilityVersion = "Xcode 9.3";
			developmentRegion = en;
			hasScannedForEncodings = 0;
			knownRegions = (
				en,
				Base,
			);
			mainGroup = 699E908321D2354000693908;
			productRefGroup = 699E908E21D2354000693908 /* Products */;
			projectDirPath = "";
			projectRoot = "";
			targets = (
				699E908C21D2354000693908 /* Webscreen */,
				69837DF921D23ECB004A37B4 /* WebscreenAppWrapper */,
			);
		};
/* End PBXProject section */

/* Begin PBXResourcesBuildPhase section */
		69837DF821D23ECB004A37B4 /* Resources */ = {
			isa = PBXResourcesBuildPhase;
			buildActionMask = 2147483647;
			files = (
				69837E0021D23ECB004A37B4 /* Assets.xcassets in Resources */,
				69837E0321D23ECB004A37B4 /* MainMenu.xib in Resources */,
			);
			runOnlyForDeploymentPostprocessing = 0;
		};
		699E908B21D2354000693908 /* Resources */ = {
			isa = PBXResourcesBuildPhase;
			buildActionMask = 2147483647;
			files = (
			);
			runOnlyForDeploymentPostprocessing = 0;
		};
/* End PBXResourcesBuildPhase section */

/* Begin PBXSourcesBuildPhase section */
		69837DF621D23ECB004A37B4 /* Sources */ = {
			isa = PBXSourcesBuildPhase;
			buildActionMask = 2147483647;
			files = (
				69837E0B21D23ED4004A37B4 /* WebscreenView.m in Sources */,
				69837E0621D23ECB004A37B4 /* main.m in Sources */,
				69837DFE21D23ECB004A37B4 /* AppDelegate.m in Sources */,
			);
			runOnlyForDeploymentPostprocessing = 0;
		};
		699E908921D2354000693908 /* Sources */ = {
			isa = PBXSourcesBuildPhase;
			buildActionMask = 2147483647;
			files = (
				699E909321D2354000693908 /* WebscreenView.m in Sources */,
			);
			runOnlyForDeploymentPostprocessing = 0;
		};
/* End PBXSourcesBuildPhase section */

/* Begin PBXVariantGroup section */
		69837E0121D23ECB004A37B4 /* MainMenu.xib */ = {
			isa = PBXVariantGroup;
			children = (
				69837E0221D23ECB004A37B4 /* Base */,
			);
			name = MainMenu.xib;
			sourceTree = "<group>";
		};
/* End PBXVariantGroup section */

/* Begin XCBuildConfiguration section */
		69837E0921D23ECB004A37B4 /* Debug */ = {
			isa = XCBuildConfiguration;
			buildSettings = {
				ASSETCATALOG_COMPILER_APPICON_NAME = AppIcon;
				CODE_SIGN_ENTITLEMENTS = WebscreenAppWrapper/WebscreenAppWrapper.entitlements;
				CODE_SIGN_STYLE = Automatic;
				COMBINE_HIDPI_IMAGES = YES;
				DEVELOPMENT_TEAM = G7526DGQ9J;
				INFOPLIST_FILE = WebscreenAppWrapper/Info.plist;
				LD_RUNPATH_SEARCH_PATHS = (
					"$(inherited)",
					"@executable_path/../Frameworks",
				);
				PRODUCT_BUNDLE_IDENTIFIER = lv.paulsnar.WebscreenAppWrapper;
				PRODUCT_NAME = "$(TARGET_NAME)";
			};
			name = Debug;
		};
		69837E0A21D23ECB004A37B4 /* Release */ = {
			isa = XCBuildConfiguration;
			buildSettings = {
				ASSETCATALOG_COMPILER_APPICON_NAME = AppIcon;
				CODE_SIGN_ENTITLEMENTS = WebscreenAppWrapper/WebscreenAppWrapper.entitlements;
				CODE_SIGN_STYLE = Automatic;
				COMBINE_HIDPI_IMAGES = YES;
				DEVELOPMENT_TEAM = G7526DGQ9J;
				INFOPLIST_FILE = WebscreenAppWrapper/Info.plist;
				LD_RUNPATH_SEARCH_PATHS = (
					"$(inherited)",
					"@executable_path/../Frameworks",
				);
				PRODUCT_BUNDLE_IDENTIFIER = lv.paulsnar.WebscreenAppWrapper;
				PRODUCT_NAME = "$(TARGET_NAME)";
			};
			name = Release;
		};
		699E909521D2354000693908 /* Debug */ = {
			isa = XCBuildConfiguration;
			buildSettings = {
				ALWAYS_SEARCH_USER_PATHS = NO;
				CLANG_ANALYZER_NONNULL = YES;
				CLANG_ANALYZER_NUMBER_OBJECT_CONVERSION = YES_AGGRESSIVE;
				CLANG_CXX_LANGUAGE_STANDARD = "gnu++14";
				CLANG_CXX_LIBRARY = "libc++";
				CLANG_ENABLE_MODULES = YES;
				CLANG_ENABLE_OBJC_ARC = YES;
				CLANG_ENABLE_OBJC_WEAK = YES;
				CLANG_WARN_BLOCK_CAPTURE_AUTORELEASING = YES;
				CLANG_WARN_BOOL_CONVERSION = YES;
				CLANG_WARN_COMMA = YES;
				CLANG_WARN_CONSTANT_CONVERSION = YES;
				CLANG_WARN_DEPRECATED_OBJC_IMPLEMENTATIONS = YES;
				CLANG_WARN_DIRECT_OBJC_ISA_USAGE = YES_ERROR;
				CLANG_WARN_DOCUMENTATION_COMMENTS = YES;
				CLANG_WARN_EMPTY_BODY = YES;
				CLANG_WARN_ENUM_CONVERSION = YES;
				CLANG_WARN_INFINITE_RECURSION = YES;
				CLANG_WARN_INT_CONVERSION = YES;
				CLANG_WARN_NON_LITERAL_NULL_CONVERSION = YES;
				CLANG_WARN_OBJC_IMPLICIT_RETAIN_SELF = YES;
				CLANG_WARN_OBJC_LITERAL_CONVERSION = YES;
				CLANG_WARN_OBJC_ROOT_CLASS = YES_ERROR;
				CLANG_WARN_RANGE_LOOP_ANALYSIS = YES;
				CLANG_WARN_STRICT_PROTOTYPES = YES;
				CLANG_WARN_SUSPICIOUS_MOVE = YES;
				CLANG_WARN_UNGUARDED_AVAILABILITY = YES_AGGRESSIVE;
				CLANG_WARN_UNREACHABLE_CODE = YES;
				CLANG_WARN__DUPLICATE_METHOD_MATCH = YES;
				CODE_SIGN_IDENTITY = "Mac Developer";
				COPY_PHASE_STRIP = NO;
				DEBUG_INFORMATION_FORMAT = dwarf;
				ENABLE_STRICT_OBJC_MSGSEND = YES;
				ENABLE_TESTABILITY = YES;
				GCC_C_LANGUAGE_STANDARD = gnu11;
				GCC_DYNAMIC_NO_PIC = NO;
				GCC_NO_COMMON_BLOCKS = YES;
				GCC_OPTIMIZATION_LEVEL = 0;
				GCC_PREPROCESSOR_DEFINITIONS = (
					"DEBUG=1",
					"$(inherited)",
				);
				GCC_WARN_64_TO_32_BIT_CONVERSION = YES;
				GCC_WARN_ABOUT_RETURN_TYPE = YES_ERROR;
				GCC_WARN_UNDECLARED_SELECTOR = YES;
				GCC_WARN_UNINITIALIZED_AUTOS = YES_AGGRESSIVE;
				GCC_WARN_UNUSED_FUNCTION = YES;
				GCC_WARN_UNUSED_VARIABLE = YES;
				MACOSX_DEPLOYMENT_TARGET = 10.14;
				MTL_ENABLE_DEBUG_INFO = INCLUDE_SOURCE;
				MTL_FAST_MATH = YES;
				ONLY_ACTIVE_ARCH = YES;
				SDKROOT = macosx;
			};
			name = Debug;
		};
		699E909621D2354000693908 /* Release */ = {
			isa = XCBuildConfiguration;
			buildSettings = {
				ALWAYS_SEARCH_USER_PATHS = NO;
				CLANG_ANALYZER_NONNULL = YES;
				CLANG_ANALYZER_NUMBER_OBJECT_CONVERSION = YES_AGGRESSIVE;
				CLANG_CXX_LANGUAGE_STANDARD = "gnu++14";
				CLANG_CXX_LIBRARY = "libc++";
				CLANG_ENABLE_MODULES = YES;
				CLANG_ENABLE_OBJC_ARC = YES;
				CLANG_ENABLE_OBJC_WEAK = YES;
				CLANG_WARN_BLOCK_CAPTURE_AUTORELEASING = YES;
				CLANG_WARN_BOOL_CONVERSION = YES;
				CLANG_WARN_COMMA = YES;
				CLANG_WARN_CONSTANT_CONVERSION = YES;
				CLANG_WARN_DEPRECATED_OBJC_IMPLEMENTATIONS = YES;
				CLANG_WARN_DIRECT_OBJC_ISA_USAGE = YES_ERROR;
				CLANG_WARN_DOCUMENTATION_COMMENTS = YES;
				CLANG_WARN_EMPTY_BODY = YES;
				CLANG_WARN_ENUM_CONVERSION = YES;
				CLANG_WARN_INFINITE_RECURSION = YES;
				CLANG_WARN_INT_CONVERSION = YES;
				CLANG_WARN_NON_LITERAL_NULL_CONVERSION = YES;
				CLANG_WARN_OBJC_IMPLICIT_RETAIN_SELF = YES;
				CLANG_WARN_OBJC_LITERAL_CONVERSION = YES;
				CLANG_WARN_OBJC_ROOT_CLASS = YES_ERROR;
				CLANG_WARN_RANGE_LOOP_ANALYSIS = YES;
				CLANG_WARN_STRICT_PROTOTYPES = YES;
				CLANG_WARN_SUSPICIOUS_MOVE = YES;
				CLANG_WARN_UNGUARDED_AVAILABILITY = YES_AGGRESSIVE;
				CLANG_WARN_UNREACHABLE_CODE = YES;
				CLANG_WARN__DUPLICATE_METHOD_MATCH = YES;
				CODE_SIGN_IDENTITY = "Mac Developer";
				COPY_PHASE_STRIP = NO;
				DEBUG_INFORMATION_FORMAT = "dwarf-with-dsym";
				ENABLE_NS_ASSERTIONS = NO;
				ENABLE_STRICT_OBJC_MSGSEND = YES;
				GCC_C_LANGUAGE_STANDARD = gnu11;
				GCC_NO_COMMON_BLOCKS = YES;
				GCC_WARN_64_TO_32_BIT_CONVERSION = YES;
				GCC_WARN_ABOUT_RETURN_TYPE = YES_ERROR;
				GCC_WARN_UNDECLARED_SELECTOR = YES;
				GCC_WARN_UNINITIALIZED_AUTOS = YES_AGGRESSIVE;
				GCC_WARN_UNUSED_FUNCTION = YES;
				GCC_WARN_UNUSED_VARIABLE = YES;
				MACOSX_DEPLOYMENT_TARGET = 10.14;
				MTL_ENABLE_DEBUG_INFO = NO;
				MTL_FAST_MATH = YES;
				SDKROOT = macosx;
			};
			name = Release;
		};
		699E909821D2354000693908 /* Debug */ = {
			isa = XCBuildConfiguration;
			buildSettings = {
				CODE_SIGN_STYLE = Automatic;
				COMBINE_HIDPI_IMAGES = YES;
				DEVELOPMENT_TEAM = G7526DGQ9J;
				INFOPLIST_FILE = Webscreen/Info.plist;
				INSTALL_PATH = "$(HOME)/Library/Screen Savers";
				PRODUCT_BUNDLE_IDENTIFIER = lv.paulsnar.Webscreen;
				PRODUCT_NAME = "$(TARGET_NAME)";
				WRAPPER_EXTENSION = saver;
			};
			name = Debug;
		};
		699E909921D2354000693908 /* Release */ = {
			isa = XCBuildConfiguration;
			buildSettings = {
				CODE_SIGN_STYLE = Automatic;
				COMBINE_HIDPI_IMAGES = YES;
				DEVELOPMENT_TEAM = G7526DGQ9J;
				INFOPLIST_FILE = Webscreen/Info.plist;
				INSTALL_PATH = "$(HOME)/Library/Screen Savers";
				PRODUCT_BUNDLE_IDENTIFIER = lv.paulsnar.Webscreen;
				PRODUCT_NAME = "$(TARGET_NAME)";
				WRAPPER_EXTENSION = saver;
			};
			name = Release;
		};
/* End XCBuildConfiguration section */

/* Begin XCConfigurationList section */
		69837E0821D23ECB004A37B4 /* Build configuration list for PBXNativeTarget "WebscreenAppWrapper" */ = {
			isa = XCConfigurationList;
			buildConfigurations = (
				69837E0921D23ECB004A37B4 /* Debug */,
				69837E0A21D23ECB004A37B4 /* Release */,
			);
			defaultConfigurationIsVisible = 0;
			defaultConfigurationName = Release;
		};
		699E908721D2354000693908 /* Build configuration list for PBXProject "Webscreen" */ = {
			isa = XCConfigurationList;
			buildConfigurations = (
				699E909521D2354000693908 /* Debug */,
				699E909621D2354000693908 /* Release */,
			);
			defaultConfigurationIsVisible = 0;
			defaultConfigurationName = Release;
		};
		699E909721D2354000693908 /* Build configuration list for PBXNativeTarget "Webscreen" */ = {
			isa = XCConfigurationList;
			buildConfigurations = (
				699E909821D2354000693908 /* Debug */,
				699E909921D2354000693908 /* Release */,
			);
			defaultConfigurationIsVisible = 0;
			defaultConfigurationName = Release;
		};
/* End XCConfigurationList section */
	};
	rootObject = 699E908421D2354000693908 /* Project object */;
}
